lockfileVersion: '9.0'

settings:
  autoInstallPeers: true
  excludeLinksFromLockfile: false

importers:

  .:
    dependencies:
      '@types/node':
        specifier: ^24.8.1
        version: 24.8.1
      valibot:
        specifier: ^1.1.0
        version: 1.1.0(typescript@5.9.3)
    devDependencies:
      typescript:
        specifier: ^5.9.3
        version: 5.9.3

  packages/actions:
    dependencies:
      '@kitledger/query':
        specifier: workspace:*
        version: link:../query
      '@kitledger/sdk':
        specifier: workspace:*
        version: link:../sdk

  packages/cli:
    dependencies:
      '@kitledger/actions':
        specifier: workspace:*
        version: link:../actions

  packages/query:
    dependencies:
      valibot:
        specifier: ^1.1.0
        version: 1.1.0(typescript@5.9.3)

  packages/sdk: {}

packages:

  '@types/node@24.8.1':
    resolution: {integrity: sha512-alv65KGRadQVfVcG69MuB4IzdYVpRwMG/mq8KWOaoOdyY617P5ivaDiMCGOFDWD2sAn5Q0mR3mRtUOgm99hL9Q==}

  typescript@5.9.3:
    resolution: {integrity: sha512-jl1vZzPDinLr9eUt3J/t7V6FgNEw9QjvBPdysz9KfQDD41fQrC2Y4vKQdiaUpFT4bXlb1RHhLpp8wtm6M5TgSw==}
    engines: {node: '>=14.17'}
    hasBin: true

  undici-types@7.14.0:
    resolution: {integrity: sha512-QQiYxHuyZ9gQUIrmPo3IA+hUl4KYk8uSA7cHrcKd/l3p1OTpZcM0Tbp9x7FAtXdAYhlasd60ncPpgu6ihG6TOA==}

  valibot@1.1.0:
    resolution: {integrity: sha512-Nk8lX30Qhu+9txPYTwM0cFlWLdPFsFr6LblzqIySfbZph9+BFsAHsNvHOymEviUepeIW6KFHzpX8TKhbptBXXw==}
    peerDependencies:
      typescript: '>=5'
    peerDependenciesMeta:
      typescript:
        optional: true

snapshots:

  '@types/node@24.8.1':
    dependencies:
      undici-types: 7.14.0

  typescript@5.9.3: {}

  undici-types@7.14.0: {}

  valibot@1.1.0(typescript@5.9.3):
    optionalDependencies:
      typescript: 5.9.3
